{
  "name": "Simple Snake Game",
  "version": "1.0.0",
  "lockfileVersion": 1,
  "requires": true,
  "dependencies": {
    "@fortawesome/fontawesome-free": {
      "version": "file:../frontenddevelopment/packages/fontawesome",
      "integrity": "sha512-GJtx6e55qLEOy2gPOsok2lohjpdWNGrYGtQx0FFT/++K4SYx+Z8LlPHdQBaFzKEwH5IbBB4fNgb//uyZjgYXoA=="
    },
    "bootstrap": {
      "version": "file:../frontenddevelopment/packages/bootstrap"
    },
    "jquery": {
      "version": "file:../frontenddevelopment/packages/jquery"
    }
  }
}
